
Microsoft Visual Studio Solution File, Format Version 12.00
# Visual Studio 15
VisualStudioVersion = 15.0.25915.0
MinimumVisualStudioVersion = 10.0.40219.1
Project("{2150E333-8FDC-42A3-9474-1A3956D46DE8}") = "src", "src", "{CAB52288-9FD6-4E99-996C-7196E814A1E8}"
EndProject
Project("{FAE04EC0-301F-11D3-BF4B-00C04F79EFBC}") = "StarterMvcTemplate", "src\StarterMvcTemplate\StarterMvcTemplate.csproj", "{833DC760-53CF-4840-BCB8-B870446992C0}"
EndProject
Global
	GlobalSection(SolutionConfigurationPlatforms) = preSolution
		Debug|Any CPU = Debug|Any CPU
		Release|Any CPU = Release|Any CPU
	EndGlobalSection
	GlobalSection(ProjectConfigurationPlatforms) = postSolution
		{833DC760-53CF-4840-BCB8-B870446992C0}.Debug|Any CPU.ActiveCfg = Debug|Any CPU
		{833DC760-53CF-4840-BCB8-B870446992C0}.Debug|Any CPU.Build.0 = Debug|Any CPU
		{833DC760-53CF-4840-BCB8-B870446992C0}.Release|Any CPU.ActiveCfg = Release|Any CPU
		{833DC760-53CF-4840-BCB8-B870446992C0}.Release|Any CPU.Build.0 = Release|Any CPU
	EndGlobalSection
	GlobalSection(SolutionProperties) = preSolution
		HideSolutionNode = FALSE
	EndGlobalSection
	GlobalSection(NestedProjects) = preSolution
		{833DC760-53CF-4840-BCB8-B870446992C0} = {CAB52288-9FD6-4E99-996C-7196E814A1E8}
	EndGlobalSection
EndGlobal
